// !$*UTF8*$!
{
	archiveVersion = 1;
	classes = {
	};
	objectVersion = 48;
	objects = {

/* Begin PBXBuildFile section */
		1B271212207EC6CA00FD1C24 /* AppDelegate.swift in Sources */ = {isa = PBXBuildFile; fileRef = 1B271211207EC6CA00FD1C24 /* AppDelegate.swift */; };
		1B271214207EC6CA00FD1C24 /* ViewController.swift in Sources */ = {isa = PBXBuildFile; fileRef = 1B271213207EC6CA00FD1C24 /* ViewController.swift */; };
		1B271217207EC6CA00FD1C24 /* Main.storyboard in Resources */ = {isa = PBXBuildFile; fileRef = 1B271215207EC6CA00FD1C24 /* Main.storyboard */; };
		1B27121A207EC6CA00FD1C24 /* hackatonIOS.xcdatamodeld in Sources */ = {isa = PBXBuildFile; fileRef = 1B271218207EC6CA00FD1C24 /* hackatonIOS.xcdatamodeld */; };
		1B27121C207EC6CA00FD1C24 /* Assets.xcassets in Resources */ = {isa = PBXBuildFile; fileRef = 1B27121B207EC6CA00FD1C24 /* Assets.xcassets */; };
		1B27121F207EC6CA00FD1C24 /* LaunchScreen.storyboard in Resources */ = {isa = PBXBuildFile; fileRef = 1B27121D207EC6CA00FD1C24 /* LaunchScreen.storyboard */; };
		1B271229207ECC6B00FD1C24 /* Produtos.swift in Sources */ = {isa = PBXBuildFile; fileRef = 1B271228207ECC6B00FD1C24 /* Produtos.swift */; };
		1B27122B207ED01500FD1C24 /* ProdutosTableViewController.swift in Sources */ = {isa = PBXBuildFile; fileRef = 1B27122A207ED01500FD1C24 /* ProdutosTableViewController.swift */; };
		1B27122F207ED76100FD1C24 /* ProdutoViewCell.swift in Sources */ = {isa = PBXBuildFile; fileRef = 1B27122E207ED76100FD1C24 /* ProdutoViewCell.swift */; };
		1B271233207EDC9D00FD1C24 /* ProdutoCadastroTableViewController.swift in Sources */ = {isa = PBXBuildFile; fileRef = 1B271232207EDC9D00FD1C24 /* ProdutoCadastroTableViewController.swift */; };
		1B45E635207EF371004EF052 /* Carrinho.swift in Sources */ = {isa = PBXBuildFile; fileRef = 1B45E634207EF371004EF052 /* Carrinho.swift */; };
/* End PBXBuildFile section */

/* Begin PBXFileReference section */
		1B27120E207EC6CA00FD1C24 /* hackatonIOS.app */ = {isa = PBXFileReference; explicitFileType = wrapper.application; includeInIndex = 0; path = hackatonIOS.app; sourceTree = BUILT_PRODUCTS_DIR; };
		1B271211207EC6CA00FD1C24 /* AppDelegate.swift */ = {isa = PBXFileReference; lastKnownFileType = sourcecode.swift; path = AppDelegate.swift; sourceTree = "<group>"; };
		1B271213207EC6CA00FD1C24 /* ViewController.swift */ = {isa = PBXFileReference; lastKnownFileType = sourcecode.swift; path = ViewController.swift; sourceTree = "<group>"; };
		1B271216207EC6CA00FD1C24 /* Base */ = {isa = PBXFileReference; lastKnownFileType = file.storyboard; name = Base; path = Base.lproj/Main.storyboard; sourceTree = "<group>"; };
		1B271219207EC6CA00FD1C24 /* hackatonIOS.xcdatamodel */ = {isa = PBXFileReference; lastKnownFileType = wrapper.xcdatamodel; path = hackatonIOS.xcdatamodel; sourceTree = "<group>"; };
		1B27121B207EC6CA00FD1C24 /* Assets.xcassets */ = {isa = PBXFileReference; lastKnownFileType = folder.assetcatalog; path = Assets.xcassets; sourceTree = "<group>"; };
		1B27121E207EC6CA00FD1C24 /* Base */ = {isa = PBXFileReference; lastKnownFileType = file.storyboard; name = Base; path = Base.lproj/LaunchScreen.storyboard; sourceTree = "<group>"; };
		1B271220207EC6CA00FD1C24 /* Info.plist */ = {isa = PBXFileReference; lastKnownFileType = text.plist.xml; path = Info.plist; sourceTree = "<group>"; };
		1B271228207ECC6B00FD1C24 /* Produtos.swift */ = {isa = PBXFileReference; lastKnownFileType = sourcecode.swift; path = Produtos.swift; sourceTree = "<group>"; };
		1B27122A207ED01500FD1C24 /* ProdutosTableViewController.swift */ = {isa = PBXFileReference; lastKnownFileType = sourcecode.swift; path = ProdutosTableViewController.swift; sourceTree = "<group>"; };
		1B27122E207ED76100FD1C24 /* ProdutoViewCell.swift */ = {isa = PBXFileReference; lastKnownFileType = sourcecode.swift; path = ProdutoViewCell.swift; sourceTree = "<group>"; };
		1B271232207EDC9D00FD1C24 /* ProdutoCadastroTableViewController.swift */ = {isa = PBXFileReference; lastKnownFileType = sourcecode.swift; path = ProdutoCadastroTableViewController.swift; sourceTree = "<group>"; };
		1B45E634207EF371004EF052 /* Carrinho.swift */ = {isa = PBXFileReference; lastKnownFileType = sourcecode.swift; path = Carrinho.swift; sourceTree = "<group>"; };
/* End PBXFileReference section */

/* Begin PBXFrameworksBuildPhase section */
		1B27120B207EC6CA00FD1C24 /* Frameworks */ = {
			isa = PBXFrameworksBuildPhase;
			buildActionMask = 2147483647;
			files = (
			);
			runOnlyForDeploymentPostprocessing = 0;
		};
/* End PBXFrameworksBuildPhase section */

/* Begin PBXGroup section */
		1B271205207EC6CA00FD1C24 = {
			isa = PBXGroup;
			children = (
				1B271210207EC6CA00FD1C24 /* hackatonIOS */,
				1B27120F207EC6CA00FD1C24 /* Products */,
			);
			sourceTree = "<group>";
		};
		1B27120F207EC6CA00FD1C24 /* Products */ = {
			isa = PBXGroup;
			children = (
				1B27120E207EC6CA00FD1C24 /* hackatonIOS.app */,
			);
			name = Products;
			sourceTree = "<group>";
		};
		1B271210207EC6CA00FD1C24 /* hackatonIOS */ = {
			isa = PBXGroup;
			children = (
				1B27122E207ED76100FD1C24 /* ProdutoViewCell.swift */,
				1B271211207EC6CA00FD1C24 /* AppDelegate.swift */,
				1B271213207EC6CA00FD1C24 /* ViewController.swift */,
				1B271215207EC6CA00FD1C24 /* Main.storyboard */,
				1B27122A207ED01500FD1C24 /* ProdutosTableViewController.swift */,
				1B27121B207EC6CA00FD1C24 /* Assets.xcassets */,
				1B27121D207EC6CA00FD1C24 /* LaunchScreen.storyboard */,
				1B271220207EC6CA00FD1C24 /* Info.plist */,
				1B271228207ECC6B00FD1C24 /* Produtos.swift */,
				1B271218207EC6CA00FD1C24 /* hackatonIOS.xcdatamodeld */,
				1B271232207EDC9D00FD1C24 /* ProdutoCadastroTableViewController.swift */,
				1B45E634207EF371004EF052 /* Carrinho.swift */,
			);
			path = hackatonIOS;
			sourceTree = "<group>";
		};
/* End PBXGroup section */

/* Begin PBXNativeTarget section */
		1B27120D207EC6CA00FD1C24 /* hackatonIOS */ = {
			isa = PBXNativeTarget;
			buildConfigurationList = 1B271223207EC6CA00FD1C24 /* Build configuration list for PBXNativeTarget "hackatonIOS" */;
			buildPhases = (
				1B27120A207EC6CA00FD1C24 /* Sources */,
				1B27120B207EC6CA00FD1C24 /* Frameworks */,
				1B27120C207EC6CA00FD1C24 /* Resources */,
			);
			buildRules = (
			);
			dependencies = (
			);
			name = hackatonIOS;
			productName = hackatonIOS;
			productReference = 1B27120E207EC6CA00FD1C24 /* hackatonIOS.app */;
			productType = "com.apple.product-type.application";
		};
/* End PBXNativeTarget section */

/* Begin PBXProject section */
		1B271206207EC6CA00FD1C24 /* Project object */ = {
			isa = PBXProject;
			attributes = {
				LastSwiftUpdateCheck = 0920;
				LastUpgradeCheck = 0920;
				ORGANIZATIONNAME = HC2MAC13;
				TargetAttributes = {
					1B27120D207EC6CA00FD1C24 = {
						CreatedOnToolsVersion = 9.2;
						ProvisioningStyle = Automatic;
					};
				};
			};
			buildConfigurationList = 1B271209207EC6CA00FD1C24 /* Build configuration list for PBXProject "hackatonIOS" */;
			compatibilityVersion = "Xcode 8.0";
			developmentRegion = en;
			hasScannedForEncodings = 0;
			knownRegions = (
				en,
				Base,
			);
			mainGroup = 1B271205207EC6CA00FD1C24;
			productRefGroup = 1B27120F207EC6CA00FD1C24 /* Products */;
			projectDirPath = "";
			projectRoot = "";
			targets = (
				1B27120D207EC6CA00FD1C24 /* hackatonIOS */,
			);
		};
/* End PBXProject section */

/* Begin PBXResourcesBuildPhase section */
		1B27120C207EC6CA00FD1C24 /* Resources */ = {
			isa = PBXResourcesBuildPhase;
			buildActionMask = 2147483647;
			files = (
				1B27121F207EC6CA00FD1C24 /* LaunchScreen.storyboard in Resources */,
				1B27121C207EC6CA00FD1C24 /* Assets.xcassets in Resources */,
				1B271217207EC6CA00FD1C24 /* Main.storyboard in Resources */,
			);
			runOnlyForDeploymentPostprocessing = 0;
		};
/* End PBXResourcesBuildPhase section */

/* Begin PBXSourcesBuildPhase section */
		1B27120A207EC6CA00FD1C24 /* Sources */ = {
			isa = PBXSourcesBuildPhase;
			buildActionMask = 2147483647;
			files = (
				1B271214207EC6CA00FD1C24 /* ViewController.swift in Sources */,
				1B271229207ECC6B00FD1C24 /* Produtos.swift in Sources */,
				1B27122F207ED76100FD1C24 /* ProdutoViewCell.swift in Sources */,
				1B271212207EC6CA00FD1C24 /* AppDelegate.swift in Sources */,
				1B271233207EDC9D00FD1C24 /* ProdutoCadastroTableViewController.swift in Sources */,
				1B27121A207EC6CA00FD1C24 /* hackatonIOS.xcdatamodeld in Sources */,
				1B27122B207ED01500FD1C24 /* ProdutosTableViewController.swift in Sources */,
				1B45E635207EF371004EF052 /* Carrinho.swift in Sources */,
			);
			runOnlyForDeploymentPostprocessing = 0;
		};
/* End PBXSourcesBuildPhase section */

/* Begin PBXVariantGroup section */
		1B271215207EC6CA00FD1C24 /* Main.storyboard */ = {
			isa = PBXVariantGroup;
			children = (
				1B271216207EC6CA00FD1C24 /* Base */,
			);
			name = Main.storyboard;
			sourceTree = "<group>";
		};
		1B27121D207EC6CA00FD1C24 /* LaunchScreen.storyboard */ = {
			isa = PBXVariantGroup;
			children = (
				1B27121E207EC6CA00FD1C24 /* Base */,
			);
			name = LaunchScreen.storyboard;
			sourceTree = "<group>";
		};
/* End PBXVariantGroup section */

/* Begin XCBuildConfiguration section */
		1B271221207EC6CA00FD1C24 /* Debug */ = {
			isa = XCBuildConfiguration;
			buildSettings = {
				ALWAYS_SEARCH_USER_PATHS = NO;
				CLANG_ANALYZER_NONNULL = YES;
				CLANG_ANALYZER_NUMBER_OBJECT_CONVERSION = YES_AGGRESSIVE;
				CLANG_CXX_LANGUAGE_STANDARD = "gnu++14";
				CLANG_CXX_LIBRARY = "libc++";
				CLANG_ENABLE_MODULES = YES;
				CLANG_ENABLE_OBJC_ARC = YES;
				CLANG_WARN_BLOCK_CAPTURE_AUTORELEASING = YES;
				CLANG_WARN_BOOL_CONVERSION = YES;
				CLANG_WARN_COMMA = YES;
				CLANG_WARN_CONSTANT_CONVERSION = YES;
				CLANG_WARN_DIRECT_OBJC_ISA_USAGE = YES_ERROR;
				CLANG_WARN_DOCUMENTATION_COMMENTS = YES;
				CLANG_WARN_EMPTY_BODY = YES;
				CLANG_WARN_ENUM_CONVERSION = YES;
				CLANG_WARN_INFINITE_RECURSION = YES;
				CLANG_WARN_INT_CONVERSION = YES;
				CLANG_WARN_NON_LITERAL_NULL_CONVERSION = YES;
				CLANG_WARN_OBJC_LITERAL_CONVERSION = YES;
				CLANG_WARN_OBJC_ROOT_CLASS = YES_ERROR;
				CLANG_WARN_RANGE_LOOP_ANALYSIS = YES;
				CLANG_WARN_STRICT_PROTOTYPES = YES;
				CLANG_WARN_SUSPICIOUS_MOVE = YES;
				CLANG_WARN_UNGUARDED_AVAILABILITY = YES_AGGRESSIVE;
				CLANG_WARN_UNREACHABLE_CODE = YES;
				CLANG_WARN__DUPLICATE_METHOD_MATCH = YES;
				CODE_SIGN_IDENTITY = "iPhone Developer";
				COPY_PHASE_STRIP = NO;
				DEBUG_INFORMATION_FORMAT = dwarf;
				ENABLE_STRICT_OBJC_MSGSEND = YES;
				ENABLE_TESTABILITY = YES;
				GCC_C_LANGUAGE_STANDARD = gnu11;
				GCC_DYNAMIC_NO_PIC = NO;
				GCC_NO_COMMON_BLOCKS = YES;
				GCC_OPTIMIZATION_LEVEL = 0;
				GCC_PREPROCESSOR_DEFINITIONS = (
					"DEBUG=1",
					"$(inherited)",
				);
				GCC_WARN_64_TO_32_BIT_CONVERSION = YES;
				GCC_WARN_ABOUT_RETURN_TYPE = YES_ERROR;
				GCC_WARN_UNDECLARED_SELECTOR = YES;
				GCC_WARN_UNINITIALIZED_AUTOS = YES_AGGRESSIVE;
				GCC_WARN_UNUSED_FUNCTION = YES;
				GCC_WARN_UNUSED_VARIABLE = YES;
				IPHONEOS_DEPLOYMENT_TARGET = 11.2;
				MTL_ENABLE_DEBUG_INFO = YES;
				ONLY_ACTIVE_ARCH = YES;
				SDKROOT = iphoneos;
				SWIFT_ACTIVE_COMPILATION_CONDITIONS = DEBUG;
				SWIFT_OPTIMIZATION_LEVEL = "-Onone";
			};
			name = Debug;
		};
		1B271222207EC6CA00FD1C24 /* Release */ = {
			isa = XCBuildConfiguration;
			buildSettings = {
				ALWAYS_SEARCH_USER_PATHS = NO;
				CLANG_ANALYZER_NONNULL = YES;
				CLANG_ANALYZER_NUMBER_OBJECT_CONVERSION = YES_AGGRESSIVE;
				CLANG_CXX_LANGUAGE_STANDARD = "gnu++14";
				CLANG_CXX_LIBRARY = "libc++";
				CLANG_ENABLE_MODULES = YES;
				CLANG_ENABLE_OBJC_ARC = YES;
				CLANG_WARN_BLOCK_CAPTURE_AUTORELEASING = YES;
				CLANG_WARN_BOOL_CONVERSION = YES;
				CLANG_WARN_COMMA = YES;
				CLANG_WARN_CONSTANT_CONVERSION = YES;
				CLANG_WARN_DIRECT_OBJC_ISA_USAGE = YES_ERROR;
				CLANG_WARN_DOCUMENTATION_COMMENTS = YES;
				CLANG_WARN_EMPTY_BODY = YES;
				CLANG_WARN_ENUM_CONVERSION = YES;
				CLANG_WARN_INFINITE_RECURSION = YES;
				CLANG_WARN_INT_CONVERSION = YES;
				CLANG_WARN_NON_LITERAL_NULL_CONVERSION = YES;
				CLANG_WARN_OBJC_LITERAL_CONVERSION = YES;
				CLANG_WARN_OBJC_ROOT_CLASS = YES_ERROR;
				CLANG_WARN_RANGE_LOOP_ANALYSIS = YES;
				CLANG_WARN_STRICT_PROTOTYPES = YES;
				CLANG_WARN_SUSPICIOUS_MOVE = YES;
				CLANG_WARN_UNGUARDED_AVAILABILITY = YES_AGGRESSIVE;
				CLANG_WARN_UNREACHABLE_CODE = YES;
				CLANG_WARN__DUPLICATE_METHOD_MATCH = YES;
				CODE_SIGN_IDENTITY = "iPhone Developer";
				COPY_PHASE_STRIP = NO;
				DEBUG_INFORMATION_FORMAT = "dwarf-with-dsym";
				ENABLE_NS_ASSERTIONS = NO;
				ENABLE_STRICT_OBJC_MSGSEND = YES;
				GCC_C_LANGUAGE_STANDARD = gnu11;
				GCC_NO_COMMON_BLOCKS = YES;
				GCC_WARN_64_TO_32_BIT_CONVERSION = YES;
				GCC_WARN_ABOUT_RETURN_TYPE = YES_ERROR;
				GCC_WARN_UNDECLARED_SELECTOR = YES;
				GCC_WARN_UNINITIALIZED_AUTOS = YES_AGGRESSIVE;
				GCC_WARN_UNUSED_FUNCTION = YES;
				GCC_WARN_UNUSED_VARIABLE = YES;
				IPHONEOS_DEPLOYMENT_TARGET = 11.2;
				MTL_ENABLE_DEBUG_INFO = NO;
				SDKROOT = iphoneos;
				SWIFT_OPTIMIZATION_LEVEL = "-Owholemodule";
				VALIDATE_PRODUCT = YES;
			};
			name = Release;
		};
		1B271224207EC6CA00FD1C24 /* Debug */ = {
			isa = XCBuildConfiguration;
			buildSettings = {
				ASSETCATALOG_COMPILER_APPICON_NAME = AppIcon;
				CODE_SIGN_STYLE = Automatic;
				INFOPLIST_FILE = hackatonIOS/Info.plist;
				LD_RUNPATH_SEARCH_PATHS = "$(inherited) @executable_path/Frameworks";
				PRODUCT_BUNDLE_IDENTIFIER = br.iesb.bruno.hackatonIOS;
				PRODUCT_NAME = "$(TARGET_NAME)";
				SWIFT_VERSION = 4.0;
				TARGETED_DEVICE_FAMILY = "1,2";
			};
			name = Debug;
		};
		1B271225207EC6CA00FD1C24 /* Release */ = {
			isa = XCBuildConfiguration;
			buildSettings = {
				ASSETCATALOG_COMPILER_APPICON_NAME = AppIcon;
				CODE_SIGN_STYLE = Automatic;
				INFOPLIST_FILE = hackatonIOS/Info.plist;
				LD_RUNPATH_SEARCH_PATHS = "$(inherited) @executable_path/Frameworks";
				PRODUCT_BUNDLE_IDENTIFIER = br.iesb.bruno.hackatonIOS;
				PRODUCT_NAME = "$(TARGET_NAME)";
				SWIFT_VERSION = 4.0;
				TARGETED_DEVICE_FAMILY = "1,2";
			};
			name = Release;
		};
/* End XCBuildConfiguration section */

/* Begin XCConfigurationList section */
		1B271209207EC6CA00FD1C24 /* Build configuration list for PBXProject "hackatonIOS" */ = {
			isa = XCConfigurationList;
			buildConfigurations = (
				1B271221207EC6CA00FD1C24 /* Debug */,
				1B271222207EC6CA00FD1C24 /* Release */,
			);
			defaultConfigurationIsVisible = 0;
			defaultConfigurationName = Release;
		};
		1B271223207EC6CA00FD1C24 /* Build configuration list for PBXNativeTarget "hackatonIOS" */ = {
			isa = XCConfigurationList;
			buildConfigurations = (
				1B271224207EC6CA00FD1C24 /* Debug */,
				1B271225207EC6CA00FD1C24 /* Release */,
			);
			defaultConfigurationIsVisible = 0;
			defaultConfigurationName = Release;
		};
/* End XCConfigurationList section */

/* Begin XCVersionGroup section */
		1B271218207EC6CA00FD1C24 /* hackatonIOS.xcdatamodeld */ = {
			isa = XCVersionGroup;
			children = (
				1B271219207EC6CA00FD1C24 /* hackatonIOS.xcdatamodel */,
			);
			currentVersion = 1B271219207EC6CA00FD1C24 /* hackatonIOS.xcdatamodel */;
			path = hackatonIOS.xcdatamodeld;
			sourceTree = "<group>";
			versionGroupType = wrapper.xcdatamodel;
		};
/* End XCVersionGroup section */
	};
	rootObject = 1B271206207EC6CA00FD1C24 /* Project object */;
}
