// !$*UTF8*$!
{
	archiveVersion = 1;
	classes = {
	};
	objectVersion = 48;
	objects = {

/* Begin PBXBuildFile section */
		15144625204CD7F30045B85E /* AppDelegate.swift in Sources */ = {isa = PBXBuildFile; fileRef = 15144624204CD7F30045B85E /* AppDelegate.swift */; };
		15144627204CD7F30045B85E /* ViewController.swift in Sources */ = {isa = PBXBuildFile; fileRef = 15144626204CD7F30045B85E /* ViewController.swift */; };
		1514462A204CD7F30045B85E /* Main.storyboard in Resources */ = {isa = PBXBuildFile; fileRef = 15144628204CD7F30045B85E /* Main.storyboard */; };
		1514462C204CD7F30045B85E /* Assets.xcassets in Resources */ = {isa = PBXBuildFile; fileRef = 1514462B204CD7F30045B85E /* Assets.xcassets */; };
		1514462F204CD7F30045B85E /* LaunchScreen.storyboard in Resources */ = {isa = PBXBuildFile; fileRef = 1514462D204CD7F30045B85E /* LaunchScreen.storyboard */; };
		15144639204CD83A0045B85E /* JoaninhaView.swift in Sources */ = {isa = PBXBuildFile; fileRef = 15144638204CD83A0045B85E /* JoaninhaView.swift */; };
		1514463B204CD8870045B85E /* fundo.jpg in Resources */ = {isa = PBXBuildFile; fileRef = 1514463A204CD8870045B85E /* fundo.jpg */; };
/* End PBXBuildFile section */

/* Begin PBXFileReference section */
		15144621204CD7F30045B85E /* joaninha.app */ = {isa = PBXFileReference; explicitFileType = wrapper.application; includeInIndex = 0; path = joaninha.app; sourceTree = BUILT_PRODUCTS_DIR; };
		15144624204CD7F30045B85E /* AppDelegate.swift */ = {isa = PBXFileReference; lastKnownFileType = sourcecode.swift; path = AppDelegate.swift; sourceTree = "<group>"; };
		15144626204CD7F30045B85E /* ViewController.swift */ = {isa = PBXFileReference; lastKnownFileType = sourcecode.swift; path = ViewController.swift; sourceTree = "<group>"; };
		15144629204CD7F30045B85E /* Base */ = {isa = PBXFileReference; lastKnownFileType = file.storyboard; name = Base; path = Base.lproj/Main.storyboard; sourceTree = "<group>"; };
		1514462B204CD7F30045B85E /* Assets.xcassets */ = {isa = PBXFileReference; lastKnownFileType = folder.assetcatalog; path = Assets.xcassets; sourceTree = "<group>"; };
		1514462E204CD7F30045B85E /* Base */ = {isa = PBXFileReference; lastKnownFileType = file.storyboard; name = Base; path = Base.lproj/LaunchScreen.storyboard; sourceTree = "<group>"; };
		15144630204CD7F30045B85E /* Info.plist */ = {isa = PBXFileReference; lastKnownFileType = text.plist.xml; path = Info.plist; sourceTree = "<group>"; };
		15144638204CD83A0045B85E /* JoaninhaView.swift */ = {isa = PBXFileReference; lastKnownFileType = sourcecode.swift; path = JoaninhaView.swift; sourceTree = "<group>"; };
		1514463A204CD8870045B85E /* fundo.jpg */ = {isa = PBXFileReference; lastKnownFileType = image.jpeg; path = fundo.jpg; sourceTree = "<group>"; };
/* End PBXFileReference section */

/* Begin PBXFrameworksBuildPhase section */
		1514461E204CD7F30045B85E /* Frameworks */ = {
			isa = PBXFrameworksBuildPhase;
			buildActionMask = 2147483647;
			files = (
			);
			runOnlyForDeploymentPostprocessing = 0;
		};
/* End PBXFrameworksBuildPhase section */

/* Begin PBXGroup section */
		15144618204CD7F30045B85E = {
			isa = PBXGroup;
			children = (
				15144623204CD7F30045B85E /* joaninha */,
				15144622204CD7F30045B85E /* Products */,
			);
			sourceTree = "<group>";
		};
		15144622204CD7F30045B85E /* Products */ = {
			isa = PBXGroup;
			children = (
				15144621204CD7F30045B85E /* joaninha.app */,
			);
			name = Products;
			sourceTree = "<group>";
		};
		15144623204CD7F30045B85E /* joaninha */ = {
			isa = PBXGroup;
			children = (
				15144638204CD83A0045B85E /* JoaninhaView.swift */,
				15144624204CD7F30045B85E /* AppDelegate.swift */,
				15144626204CD7F30045B85E /* ViewController.swift */,
				15144628204CD7F30045B85E /* Main.storyboard */,
				1514462B204CD7F30045B85E /* Assets.xcassets */,
				1514462D204CD7F30045B85E /* LaunchScreen.storyboard */,
				15144630204CD7F30045B85E /* Info.plist */,
				1514463A204CD8870045B85E /* fundo.jpg */,
			);
			path = joaninha;
			sourceTree = "<group>";
		};
/* End PBXGroup section */

/* Begin PBXNativeTarget section */
		15144620204CD7F30045B85E /* joaninha */ = {
			isa = PBXNativeTarget;
			buildConfigurationList = 15144633204CD7F30045B85E /* Build configuration list for PBXNativeTarget "joaninha" */;
			buildPhases = (
				1514461D204CD7F30045B85E /* Sources */,
				1514461E204CD7F30045B85E /* Frameworks */,
				1514461F204CD7F30045B85E /* Resources */,
			);
			buildRules = (
			);
			dependencies = (
			);
			name = joaninha;
			productName = joaninha;
			productReference = 15144621204CD7F30045B85E /* joaninha.app */;
			productType = "com.apple.product-type.application";
		};
/* End PBXNativeTarget section */

/* Begin PBXProject section */
		15144619204CD7F30045B85E /* Project object */ = {
			isa = PBXProject;
			attributes = {
				LastSwiftUpdateCheck = 0920;
				LastUpgradeCheck = 0920;
				ORGANIZATIONNAME = "Bruno De Castro Guaitanele";
				TargetAttributes = {
					15144620204CD7F30045B85E = {
						CreatedOnToolsVersion = 9.2;
						ProvisioningStyle = Automatic;
					};
				};
			};
			buildConfigurationList = 1514461C204CD7F30045B85E /* Build configuration list for PBXProject "joaninha" */;
			compatibilityVersion = "Xcode 8.0";
			developmentRegion = en;
			hasScannedForEncodings = 0;
			knownRegions = (
				en,
				Base,
			);
			mainGroup = 15144618204CD7F30045B85E;
			productRefGroup = 15144622204CD7F30045B85E /* Products */;
			projectDirPath = "";
			projectRoot = "";
			targets = (
				15144620204CD7F30045B85E /* joaninha */,
			);
		};
/* End PBXProject section */

/* Begin PBXResourcesBuildPhase section */
		1514461F204CD7F30045B85E /* Resources */ = {
			isa = PBXResourcesBuildPhase;
			buildActionMask = 2147483647;
			files = (
				1514463B204CD8870045B85E /* fundo.jpg in Resources */,
				1514462F204CD7F30045B85E /* LaunchScreen.storyboard in Resources */,
				1514462C204CD7F30045B85E /* Assets.xcassets in Resources */,
				1514462A204CD7F30045B85E /* Main.storyboard in Resources */,
			);
			runOnlyForDeploymentPostprocessing = 0;
		};
/* End PBXResourcesBuildPhase section */

/* Begin PBXSourcesBuildPhase section */
		1514461D204CD7F30045B85E /* Sources */ = {
			isa = PBXSourcesBuildPhase;
			buildActionMask = 2147483647;
			files = (
				15144639204CD83A0045B85E /* JoaninhaView.swift in Sources */,
				15144627204CD7F30045B85E /* ViewController.swift in Sources */,
				15144625204CD7F30045B85E /* AppDelegate.swift in Sources */,
			);
			runOnlyForDeploymentPostprocessing = 0;
		};
/* End PBXSourcesBuildPhase section */

/* Begin PBXVariantGroup section */
		15144628204CD7F30045B85E /* Main.storyboard */ = {
			isa = PBXVariantGroup;
			children = (
				15144629204CD7F30045B85E /* Base */,
			);
			name = Main.storyboard;
			sourceTree = "<group>";
		};
		1514462D204CD7F30045B85E /* LaunchScreen.storyboard */ = {
			isa = PBXVariantGroup;
			children = (
				1514462E204CD7F30045B85E /* Base */,
			);
			name = LaunchScreen.storyboard;
			sourceTree = "<group>";
		};
/* End PBXVariantGroup section */

/* Begin XCBuildConfiguration section */
		15144631204CD7F30045B85E /* Debug */ = {
			isa = XCBuildConfiguration;
			buildSettings = {
				ALWAYS_SEARCH_USER_PATHS = NO;
				CLANG_ANALYZER_NONNULL = YES;
				CLANG_ANALYZER_NUMBER_OBJECT_CONVERSION = YES_AGGRESSIVE;
				CLANG_CXX_LANGUAGE_STANDARD = "gnu++14";
				CLANG_CXX_LIBRARY = "libc++";
				CLANG_ENABLE_MODULES = YES;
				CLANG_ENABLE_OBJC_ARC = YES;
				CLANG_WARN_BLOCK_CAPTURE_AUTORELEASING = YES;
				CLANG_WARN_BOOL_CONVERSION = YES;
				CLANG_WARN_COMMA = YES;
				CLANG_WARN_CONSTANT_CONVERSION = YES;
				CLANG_WARN_DIRECT_OBJC_ISA_USAGE = YES_ERROR;
				CLANG_WARN_DOCUMENTATION_COMMENTS = YES;
				CLANG_WARN_EMPTY_BODY = YES;
				CLANG_WARN_ENUM_CONVERSION = YES;
				CLANG_WARN_INFINITE_RECURSION = YES;
				CLANG_WARN_INT_CONVERSION = YES;
				CLANG_WARN_NON_LITERAL_NULL_CONVERSION = YES;
				CLANG_WARN_OBJC_LITERAL_CONVERSION = YES;
				CLANG_WARN_OBJC_ROOT_CLASS = YES_ERROR;
				CLANG_WARN_RANGE_LOOP_ANALYSIS = YES;
				CLANG_WARN_STRICT_PROTOTYPES = YES;
				CLANG_WARN_SUSPICIOUS_MOVE = YES;
				CLANG_WARN_UNGUARDED_AVAILABILITY = YES_AGGRESSIVE;
				CLANG_WARN_UNREACHABLE_CODE = YES;
				CLANG_WARN__DUPLICATE_METHOD_MATCH = YES;
				CODE_SIGN_IDENTITY = "iPhone Developer";
				COPY_PHASE_STRIP = NO;
				DEBUG_INFORMATION_FORMAT = dwarf;
				ENABLE_STRICT_OBJC_MSGSEND = YES;
				ENABLE_TESTABILITY = YES;
				GCC_C_LANGUAGE_STANDARD = gnu11;
				GCC_DYNAMIC_NO_PIC = NO;
				GCC_NO_COMMON_BLOCKS = YES;
				GCC_OPTIMIZATION_LEVEL = 0;
				GCC_PREPROCESSOR_DEFINITIONS = (
					"DEBUG=1",
					"$(inherited)",
				);
				GCC_WARN_64_TO_32_BIT_CONVERSION = YES;
				GCC_WARN_ABOUT_RETURN_TYPE = YES_ERROR;
				GCC_WARN_UNDECLARED_SELECTOR = YES;
				GCC_WARN_UNINITIALIZED_AUTOS = YES_AGGRESSIVE;
				GCC_WARN_UNUSED_FUNCTION = YES;
				GCC_WARN_UNUSED_VARIABLE = YES;
				IPHONEOS_DEPLOYMENT_TARGET = 11.2;
				MTL_ENABLE_DEBUG_INFO = YES;
				ONLY_ACTIVE_ARCH = YES;
				SDKROOT = iphoneos;
				SWIFT_ACTIVE_COMPILATION_CONDITIONS = DEBUG;
				SWIFT_OPTIMIZATION_LEVEL = "-Onone";
			};
			name = Debug;
		};
		15144632204CD7F30045B85E /* Release */ = {
			isa = XCBuildConfiguration;
			buildSettings = {
				ALWAYS_SEARCH_USER_PATHS = NO;
				CLANG_ANALYZER_NONNULL = YES;
				CLANG_ANALYZER_NUMBER_OBJECT_CONVERSION = YES_AGGRESSIVE;
				CLANG_CXX_LANGUAGE_STANDARD = "gnu++14";
				CLANG_CXX_LIBRARY = "libc++";
				CLANG_ENABLE_MODULES = YES;
				CLANG_ENABLE_OBJC_ARC = YES;
				CLANG_WARN_BLOCK_CAPTURE_AUTORELEASING = YES;
				CLANG_WARN_BOOL_CONVERSION = YES;
				CLANG_WARN_COMMA = YES;
				CLANG_WARN_CONSTANT_CONVERSION = YES;
				CLANG_WARN_DIRECT_OBJC_ISA_USAGE = YES_ERROR;
				CLANG_WARN_DOCUMENTATION_COMMENTS = YES;
				CLANG_WARN_EMPTY_BODY = YES;
				CLANG_WARN_ENUM_CONVERSION = YES;
				CLANG_WARN_INFINITE_RECURSION = YES;
				CLANG_WARN_INT_CONVERSION = YES;
				CLANG_WARN_NON_LITERAL_NULL_CONVERSION = YES;
				CLANG_WARN_OBJC_LITERAL_CONVERSION = YES;
				CLANG_WARN_OBJC_ROOT_CLASS = YES_ERROR;
				CLANG_WARN_RANGE_LOOP_ANALYSIS = YES;
				CLANG_WARN_STRICT_PROTOTYPES = YES;
				CLANG_WARN_SUSPICIOUS_MOVE = YES;
				CLANG_WARN_UNGUARDED_AVAILABILITY = YES_AGGRESSIVE;
				CLANG_WARN_UNREACHABLE_CODE = YES;
				CLANG_WARN__DUPLICATE_METHOD_MATCH = YES;
				CODE_SIGN_IDENTITY = "iPhone Developer";
				COPY_PHASE_STRIP = NO;
				DEBUG_INFORMATION_FORMAT = "dwarf-with-dsym";
				ENABLE_NS_ASSERTIONS = NO;
				ENABLE_STRICT_OBJC_MSGSEND = YES;
				GCC_C_LANGUAGE_STANDARD = gnu11;
				GCC_NO_COMMON_BLOCKS = YES;
				GCC_WARN_64_TO_32_BIT_CONVERSION = YES;
				GCC_WARN_ABOUT_RETURN_TYPE = YES_ERROR;
				GCC_WARN_UNDECLARED_SELECTOR = YES;
				GCC_WARN_UNINITIALIZED_AUTOS = YES_AGGRESSIVE;
				GCC_WARN_UNUSED_FUNCTION = YES;
				GCC_WARN_UNUSED_VARIABLE = YES;
				IPHONEOS_DEPLOYMENT_TARGET = 11.2;
				MTL_ENABLE_DEBUG_INFO = NO;
				SDKROOT = iphoneos;
				SWIFT_OPTIMIZATION_LEVEL = "-Owholemodule";
				VALIDATE_PRODUCT = YES;
			};
			name = Release;
		};
		15144634204CD7F30045B85E /* Debug */ = {
			isa = XCBuildConfiguration;
			buildSettings = {
				ASSETCATALOG_COMPILER_APPICON_NAME = AppIcon;
				CODE_SIGN_STYLE = Automatic;
				DEVELOPMENT_TEAM = 8LK825CZ6B;
				INFOPLIST_FILE = joaninha/Info.plist;
				LD_RUNPATH_SEARCH_PATHS = "$(inherited) @executable_path/Frameworks";
				PRODUCT_BUNDLE_IDENTIFIER = br.iesb.bruno.joaninha;
				PRODUCT_NAME = "$(TARGET_NAME)";
				SWIFT_VERSION = 4.0;
				TARGETED_DEVICE_FAMILY = "1,2";
			};
			name = Debug;
		};
		15144635204CD7F30045B85E /* Release */ = {
			isa = XCBuildConfiguration;
			buildSettings = {
				ASSETCATALOG_COMPILER_APPICON_NAME = AppIcon;
				CODE_SIGN_STYLE = Automatic;
				DEVELOPMENT_TEAM = 8LK825CZ6B;
				INFOPLIST_FILE = joaninha/Info.plist;
				LD_RUNPATH_SEARCH_PATHS = "$(inherited) @executable_path/Frameworks";
				PRODUCT_BUNDLE_IDENTIFIER = br.iesb.bruno.joaninha;
				PRODUCT_NAME = "$(TARGET_NAME)";
				SWIFT_VERSION = 4.0;
				TARGETED_DEVICE_FAMILY = "1,2";
			};
			name = Release;
		};
/* End XCBuildConfiguration section */

/* Begin XCConfigurationList section */
		1514461C204CD7F30045B85E /* Build configuration list for PBXProject "joaninha" */ = {
			isa = XCConfigurationList;
			buildConfigurations = (
				15144631204CD7F30045B85E /* Debug */,
				15144632204CD7F30045B85E /* Release */,
			);
			defaultConfigurationIsVisible = 0;
			defaultConfigurationName = Release;
		};
		15144633204CD7F30045B85E /* Build configuration list for PBXNativeTarget "joaninha" */ = {
			isa = XCConfigurationList;
			buildConfigurations = (
				15144634204CD7F30045B85E /* Debug */,
				15144635204CD7F30045B85E /* Release */,
			);
			defaultConfigurationIsVisible = 0;
			defaultConfigurationName = Release;
		};
/* End XCConfigurationList section */
	};
	rootObject = 15144619204CD7F30045B85E /* Project object */;
}
