// !$*UTF8*$!
{
	archiveVersion = 1;
	classes = {
	};
	objectVersion = 50;
	objects = {

/* Begin PBXBuildFile section */
		1BA0FA552087FBBC00ED2778 /* AppDelegate.swift in Sources */ = {isa = PBXBuildFile; fileRef = 1BA0FA542087FBBC00ED2778 /* AppDelegate.swift */; };
		1BA0FA572087FBBC00ED2778 /* ViewController.swift in Sources */ = {isa = PBXBuildFile; fileRef = 1BA0FA562087FBBC00ED2778 /* ViewController.swift */; };
		1BA0FA5A2087FBBC00ED2778 /* Main.storyboard in Resources */ = {isa = PBXBuildFile; fileRef = 1BA0FA582087FBBC00ED2778 /* Main.storyboard */; };
		1BA0FA5D2087FBBC00ED2778 /* testesubview.xcdatamodeld in Sources */ = {isa = PBXBuildFile; fileRef = 1BA0FA5B2087FBBC00ED2778 /* testesubview.xcdatamodeld */; };
		1BA0FA5F2087FBC800ED2778 /* Assets.xcassets in Resources */ = {isa = PBXBuildFile; fileRef = 1BA0FA5E2087FBC800ED2778 /* Assets.xcassets */; };
		1BA0FA622087FBC800ED2778 /* LaunchScreen.storyboard in Resources */ = {isa = PBXBuildFile; fileRef = 1BA0FA602087FBC800ED2778 /* LaunchScreen.storyboard */; };
		1BA0FA6A2087FC4500ED2778 /* TesteView.swift in Sources */ = {isa = PBXBuildFile; fileRef = 1BA0FA692087FC4500ED2778 /* TesteView.swift */; };
/* End PBXBuildFile section */

/* Begin PBXFileReference section */
		1BA0FA512087FBBC00ED2778 /* testesubview.app */ = {isa = PBXFileReference; explicitFileType = wrapper.application; includeInIndex = 0; path = testesubview.app; sourceTree = BUILT_PRODUCTS_DIR; };
		1BA0FA542087FBBC00ED2778 /* AppDelegate.swift */ = {isa = PBXFileReference; lastKnownFileType = sourcecode.swift; path = AppDelegate.swift; sourceTree = "<group>"; };
		1BA0FA562087FBBC00ED2778 /* ViewController.swift */ = {isa = PBXFileReference; lastKnownFileType = sourcecode.swift; path = ViewController.swift; sourceTree = "<group>"; };
		1BA0FA592087FBBC00ED2778 /* Base */ = {isa = PBXFileReference; lastKnownFileType = file.storyboard; name = Base; path = Base.lproj/Main.storyboard; sourceTree = "<group>"; };
		1BA0FA5C2087FBBC00ED2778 /* testesubview.xcdatamodel */ = {isa = PBXFileReference; lastKnownFileType = wrapper.xcdatamodel; path = testesubview.xcdatamodel; sourceTree = "<group>"; };
		1BA0FA5E2087FBC800ED2778 /* Assets.xcassets */ = {isa = PBXFileReference; lastKnownFileType = folder.assetcatalog; path = Assets.xcassets; sourceTree = "<group>"; };
		1BA0FA612087FBC800ED2778 /* Base */ = {isa = PBXFileReference; lastKnownFileType = file.storyboard; name = Base; path = Base.lproj/LaunchScreen.storyboard; sourceTree = "<group>"; };
		1BA0FA632087FBC800ED2778 /* Info.plist */ = {isa = PBXFileReference; lastKnownFileType = text.plist.xml; path = Info.plist; sourceTree = "<group>"; };
		1BA0FA692087FC4500ED2778 /* TesteView.swift */ = {isa = PBXFileReference; lastKnownFileType = sourcecode.swift; path = TesteView.swift; sourceTree = "<group>"; };
/* End PBXFileReference section */

/* Begin PBXFrameworksBuildPhase section */
		1BA0FA4E2087FBBC00ED2778 /* Frameworks */ = {
			isa = PBXFrameworksBuildPhase;
			buildActionMask = 2147483647;
			files = (
			);
			runOnlyForDeploymentPostprocessing = 0;
		};
/* End PBXFrameworksBuildPhase section */

/* Begin PBXGroup section */
		1BA0FA482087FBBB00ED2778 = {
			isa = PBXGroup;
			children = (
				1BA0FA532087FBBC00ED2778 /* testesubview */,
				1BA0FA522087FBBC00ED2778 /* Products */,
			);
			sourceTree = "<group>";
		};
		1BA0FA522087FBBC00ED2778 /* Products */ = {
			isa = PBXGroup;
			children = (
				1BA0FA512087FBBC00ED2778 /* testesubview.app */,
			);
			name = Products;
			sourceTree = "<group>";
		};
		1BA0FA532087FBBC00ED2778 /* testesubview */ = {
			isa = PBXGroup;
			children = (
				1BA0FA542087FBBC00ED2778 /* AppDelegate.swift */,
				1BA0FA562087FBBC00ED2778 /* ViewController.swift */,
				1BA0FA582087FBBC00ED2778 /* Main.storyboard */,
				1BA0FA5E2087FBC800ED2778 /* Assets.xcassets */,
				1BA0FA602087FBC800ED2778 /* LaunchScreen.storyboard */,
				1BA0FA632087FBC800ED2778 /* Info.plist */,
				1BA0FA5B2087FBBC00ED2778 /* testesubview.xcdatamodeld */,
				1BA0FA692087FC4500ED2778 /* TesteView.swift */,
			);
			path = testesubview;
			sourceTree = "<group>";
		};
/* End PBXGroup section */

/* Begin PBXNativeTarget section */
		1BA0FA502087FBBC00ED2778 /* testesubview */ = {
			isa = PBXNativeTarget;
			buildConfigurationList = 1BA0FA662087FBC800ED2778 /* Build configuration list for PBXNativeTarget "testesubview" */;
			buildPhases = (
				1BA0FA4D2087FBBC00ED2778 /* Sources */,
				1BA0FA4E2087FBBC00ED2778 /* Frameworks */,
				1BA0FA4F2087FBBC00ED2778 /* Resources */,
			);
			buildRules = (
			);
			dependencies = (
			);
			name = testesubview;
			productName = testesubview;
			productReference = 1BA0FA512087FBBC00ED2778 /* testesubview.app */;
			productType = "com.apple.product-type.application";
		};
/* End PBXNativeTarget section */

/* Begin PBXProject section */
		1BA0FA492087FBBB00ED2778 /* Project object */ = {
			isa = PBXProject;
			attributes = {
				LastSwiftUpdateCheck = 0930;
				LastUpgradeCheck = 0930;
				ORGANIZATIONNAME = HC2MAC13;
				TargetAttributes = {
					1BA0FA502087FBBC00ED2778 = {
						CreatedOnToolsVersion = 9.3;
					};
				};
			};
			buildConfigurationList = 1BA0FA4C2087FBBB00ED2778 /* Build configuration list for PBXProject "testesubview" */;
			compatibilityVersion = "Xcode 9.3";
			developmentRegion = en;
			hasScannedForEncodings = 0;
			knownRegions = (
				en,
				Base,
			);
			mainGroup = 1BA0FA482087FBBB00ED2778;
			productRefGroup = 1BA0FA522087FBBC00ED2778 /* Products */;
			projectDirPath = "";
			projectRoot = "";
			targets = (
				1BA0FA502087FBBC00ED2778 /* testesubview */,
			);
		};
/* End PBXProject section */

/* Begin PBXResourcesBuildPhase section */
		1BA0FA4F2087FBBC00ED2778 /* Resources */ = {
			isa = PBXResourcesBuildPhase;
			buildActionMask = 2147483647;
			files = (
				1BA0FA622087FBC800ED2778 /* LaunchScreen.storyboard in Resources */,
				1BA0FA5F2087FBC800ED2778 /* Assets.xcassets in Resources */,
				1BA0FA5A2087FBBC00ED2778 /* Main.storyboard in Resources */,
			);
			runOnlyForDeploymentPostprocessing = 0;
		};
/* End PBXResourcesBuildPhase section */

/* Begin PBXSourcesBuildPhase section */
		1BA0FA4D2087FBBC00ED2778 /* Sources */ = {
			isa = PBXSourcesBuildPhase;
			buildActionMask = 2147483647;
			files = (
				1BA0FA572087FBBC00ED2778 /* ViewController.swift in Sources */,
				1BA0FA552087FBBC00ED2778 /* AppDelegate.swift in Sources */,
				1BA0FA6A2087FC4500ED2778 /* TesteView.swift in Sources */,
				1BA0FA5D2087FBBC00ED2778 /* testesubview.xcdatamodeld in Sources */,
			);
			runOnlyForDeploymentPostprocessing = 0;
		};
/* End PBXSourcesBuildPhase section */

/* Begin PBXVariantGroup section */
		1BA0FA582087FBBC00ED2778 /* Main.storyboard */ = {
			isa = PBXVariantGroup;
			children = (
				1BA0FA592087FBBC00ED2778 /* Base */,
			);
			name = Main.storyboard;
			sourceTree = "<group>";
		};
		1BA0FA602087FBC800ED2778 /* LaunchScreen.storyboard */ = {
			isa = PBXVariantGroup;
			children = (
				1BA0FA612087FBC800ED2778 /* Base */,
			);
			name = LaunchScreen.storyboard;
			sourceTree = "<group>";
		};
/* End PBXVariantGroup section */

/* Begin XCBuildConfiguration section */
		1BA0FA642087FBC800ED2778 /* Debug */ = {
			isa = XCBuildConfiguration;
			buildSettings = {
				ALWAYS_SEARCH_USER_PATHS = NO;
				CLANG_ANALYZER_NONNULL = YES;
				CLANG_ANALYZER_NUMBER_OBJECT_CONVERSION = YES_AGGRESSIVE;
				CLANG_CXX_LANGUAGE_STANDARD = "gnu++14";
				CLANG_CXX_LIBRARY = "libc++";
				CLANG_ENABLE_MODULES = YES;
				CLANG_ENABLE_OBJC_ARC = YES;
				CLANG_ENABLE_OBJC_WEAK = YES;
				CLANG_WARN_BLOCK_CAPTURE_AUTORELEASING = YES;
				CLANG_WARN_BOOL_CONVERSION = YES;
				CLANG_WARN_COMMA = YES;
				CLANG_WARN_CONSTANT_CONVERSION = YES;
				CLANG_WARN_DEPRECATED_OBJC_IMPLEMENTATIONS = YES;
				CLANG_WARN_DIRECT_OBJC_ISA_USAGE = YES_ERROR;
				CLANG_WARN_DOCUMENTATION_COMMENTS = YES;
				CLANG_WARN_EMPTY_BODY = YES;
				CLANG_WARN_ENUM_CONVERSION = YES;
				CLANG_WARN_INFINITE_RECURSION = YES;
				CLANG_WARN_INT_CONVERSION = YES;
				CLANG_WARN_NON_LITERAL_NULL_CONVERSION = YES;
				CLANG_WARN_OBJC_IMPLICIT_RETAIN_SELF = YES;
				CLANG_WARN_OBJC_LITERAL_CONVERSION = YES;
				CLANG_WARN_OBJC_ROOT_CLASS = YES_ERROR;
				CLANG_WARN_RANGE_LOOP_ANALYSIS = YES;
				CLANG_WARN_STRICT_PROTOTYPES = YES;
				CLANG_WARN_SUSPICIOUS_MOVE = YES;
				CLANG_WARN_UNGUARDED_AVAILABILITY = YES_AGGRESSIVE;
				CLANG_WARN_UNREACHABLE_CODE = YES;
				CLANG_WARN__DUPLICATE_METHOD_MATCH = YES;
				CODE_SIGN_IDENTITY = "iPhone Developer";
				COPY_PHASE_STRIP = NO;
				DEBUG_INFORMATION_FORMAT = dwarf;
				ENABLE_STRICT_OBJC_MSGSEND = YES;
				ENABLE_TESTABILITY = YES;
				GCC_C_LANGUAGE_STANDARD = gnu11;
				GCC_DYNAMIC_NO_PIC = NO;
				GCC_NO_COMMON_BLOCKS = YES;
				GCC_OPTIMIZATION_LEVEL = 0;
				GCC_PREPROCESSOR_DEFINITIONS = (
					"DEBUG=1",
					"$(inherited)",
				);
				GCC_WARN_64_TO_32_BIT_CONVERSION = YES;
				GCC_WARN_ABOUT_RETURN_TYPE = YES_ERROR;
				GCC_WARN_UNDECLARED_SELECTOR = YES;
				GCC_WARN_UNINITIALIZED_AUTOS = YES_AGGRESSIVE;
				GCC_WARN_UNUSED_FUNCTION = YES;
				GCC_WARN_UNUSED_VARIABLE = YES;
				IPHONEOS_DEPLOYMENT_TARGET = 11.3;
				MTL_ENABLE_DEBUG_INFO = YES;
				ONLY_ACTIVE_ARCH = YES;
				SDKROOT = iphoneos;
				SWIFT_ACTIVE_COMPILATION_CONDITIONS = DEBUG;
				SWIFT_OPTIMIZATION_LEVEL = "-Onone";
			};
			name = Debug;
		};
		1BA0FA652087FBC800ED2778 /* Release */ = {
			isa = XCBuildConfiguration;
			buildSettings = {
				ALWAYS_SEARCH_USER_PATHS = NO;
				CLANG_ANALYZER_NONNULL = YES;
				CLANG_ANALYZER_NUMBER_OBJECT_CONVERSION = YES_AGGRESSIVE;
				CLANG_CXX_LANGUAGE_STANDARD = "gnu++14";
				CLANG_CXX_LIBRARY = "libc++";
				CLANG_ENABLE_MODULES = YES;
				CLANG_ENABLE_OBJC_ARC = YES;
				CLANG_ENABLE_OBJC_WEAK = YES;
				CLANG_WARN_BLOCK_CAPTURE_AUTORELEASING = YES;
				CLANG_WARN_BOOL_CONVERSION = YES;
				CLANG_WARN_COMMA = YES;
				CLANG_WARN_CONSTANT_CONVERSION = YES;
				CLANG_WARN_DEPRECATED_OBJC_IMPLEMENTATIONS = YES;
				CLANG_WARN_DIRECT_OBJC_ISA_USAGE = YES_ERROR;
				CLANG_WARN_DOCUMENTATION_COMMENTS = YES;
				CLANG_WARN_EMPTY_BODY = YES;
				CLANG_WARN_ENUM_CONVERSION = YES;
				CLANG_WARN_INFINITE_RECURSION = YES;
				CLANG_WARN_INT_CONVERSION = YES;
				CLANG_WARN_NON_LITERAL_NULL_CONVERSION = YES;
				CLANG_WARN_OBJC_IMPLICIT_RETAIN_SELF = YES;
				CLANG_WARN_OBJC_LITERAL_CONVERSION = YES;
				CLANG_WARN_OBJC_ROOT_CLASS = YES_ERROR;
				CLANG_WARN_RANGE_LOOP_ANALYSIS = YES;
				CLANG_WARN_STRICT_PROTOTYPES = YES;
				CLANG_WARN_SUSPICIOUS_MOVE = YES;
				CLANG_WARN_UNGUARDED_AVAILABILITY = YES_AGGRESSIVE;
				CLANG_WARN_UNREACHABLE_CODE = YES;
				CLANG_WARN__DUPLICATE_METHOD_MATCH = YES;
				CODE_SIGN_IDENTITY = "iPhone Developer";
				COPY_PHASE_STRIP = NO;
				DEBUG_INFORMATION_FORMAT = "dwarf-with-dsym";
				ENABLE_NS_ASSERTIONS = NO;
				ENABLE_STRICT_OBJC_MSGSEND = YES;
				GCC_C_LANGUAGE_STANDARD = gnu11;
				GCC_NO_COMMON_BLOCKS = YES;
				GCC_WARN_64_TO_32_BIT_CONVERSION = YES;
				GCC_WARN_ABOUT_RETURN_TYPE = YES_ERROR;
				GCC_WARN_UNDECLARED_SELECTOR = YES;
				GCC_WARN_UNINITIALIZED_AUTOS = YES_AGGRESSIVE;
				GCC_WARN_UNUSED_FUNCTION = YES;
				GCC_WARN_UNUSED_VARIABLE = YES;
				IPHONEOS_DEPLOYMENT_TARGET = 11.3;
				MTL_ENABLE_DEBUG_INFO = NO;
				SDKROOT = iphoneos;
				SWIFT_COMPILATION_MODE = wholemodule;
				SWIFT_OPTIMIZATION_LEVEL = "-O";
				VALIDATE_PRODUCT = YES;
			};
			name = Release;
		};
		1BA0FA672087FBC800ED2778 /* Debug */ = {
			isa = XCBuildConfiguration;
			buildSettings = {
				ASSETCATALOG_COMPILER_APPICON_NAME = AppIcon;
				CODE_SIGN_STYLE = Automatic;
				INFOPLIST_FILE = testesubview/Info.plist;
				LD_RUNPATH_SEARCH_PATHS = (
					"$(inherited)",
					"@executable_path/Frameworks",
				);
				PRODUCT_BUNDLE_IDENTIFIER = br.iesb.iesb.testesubview;
				PRODUCT_NAME = "$(TARGET_NAME)";
				SWIFT_VERSION = 4.0;
				TARGETED_DEVICE_FAMILY = "1,2";
			};
			name = Debug;
		};
		1BA0FA682087FBC800ED2778 /* Release */ = {
			isa = XCBuildConfiguration;
			buildSettings = {
				ASSETCATALOG_COMPILER_APPICON_NAME = AppIcon;
				CODE_SIGN_STYLE = Automatic;
				INFOPLIST_FILE = testesubview/Info.plist;
				LD_RUNPATH_SEARCH_PATHS = (
					"$(inherited)",
					"@executable_path/Frameworks",
				);
				PRODUCT_BUNDLE_IDENTIFIER = br.iesb.iesb.testesubview;
				PRODUCT_NAME = "$(TARGET_NAME)";
				SWIFT_VERSION = 4.0;
				TARGETED_DEVICE_FAMILY = "1,2";
			};
			name = Release;
		};
/* End XCBuildConfiguration section */

/* Begin XCConfigurationList section */
		1BA0FA4C2087FBBB00ED2778 /* Build configuration list for PBXProject "testesubview" */ = {
			isa = XCConfigurationList;
			buildConfigurations = (
				1BA0FA642087FBC800ED2778 /* Debug */,
				1BA0FA652087FBC800ED2778 /* Release */,
			);
			defaultConfigurationIsVisible = 0;
			defaultConfigurationName = Release;
		};
		1BA0FA662087FBC800ED2778 /* Build configuration list for PBXNativeTarget "testesubview" */ = {
			isa = XCConfigurationList;
			buildConfigurations = (
				1BA0FA672087FBC800ED2778 /* Debug */,
				1BA0FA682087FBC800ED2778 /* Release */,
			);
			defaultConfigurationIsVisible = 0;
			defaultConfigurationName = Release;
		};
/* End XCConfigurationList section */

/* Begin XCVersionGroup section */
		1BA0FA5B2087FBBC00ED2778 /* testesubview.xcdatamodeld */ = {
			isa = XCVersionGroup;
			children = (
				1BA0FA5C2087FBBC00ED2778 /* testesubview.xcdatamodel */,
			);
			currentVersion = 1BA0FA5C2087FBBC00ED2778 /* testesubview.xcdatamodel */;
			path = testesubview.xcdatamodeld;
			sourceTree = "<group>";
			versionGroupType = wrapper.xcdatamodel;
		};
/* End XCVersionGroup section */
	};
	rootObject = 1BA0FA492087FBBB00ED2778 /* Project object */;
}
